
Microsoft Visual Studio Solution File, Format Version 12.00
# Visual Studio 15
VisualStudioVersion = 15.0.26124.0
MinimumVisualStudioVersion = 15.0.26124.0
Project("{FAE04EC0-301F-11D3-BF4B-00C04F79EFBC}") = "img_tool", "src\img_tool.csproj", "{6F68DAF6-5447-4EBB-B19A-8E27F04AAB0F}"
EndProject
Project("{FAE04EC0-301F-11D3-BF4B-00C04F79EFBC}") = "test", "test\test.csproj", "{2AF3C7E5-618F-4B24-B2F2-B3869CB268EC}"
EndProject
Global
	GlobalSection(SolutionConfigurationPlatforms) = preSolution
		Debug|Any CPU = Debug|Any CPU
		Debug|x64 = Debug|x64
		Debug|x86 = Debug|x86
		Release|Any CPU = Release|Any CPU
		Release|x64 = Release|x64
		Release|x86 = Release|x86
	EndGlobalSection
	GlobalSection(SolutionProperties) = preSolution
		HideSolutionNode = FALSE
	EndGlobalSection
	GlobalSection(ProjectConfigurationPlatforms) = postSolution
		{6F68DAF6-5447-4EBB-B19A-8E27F04AAB0F}.Debug|Any CPU.ActiveCfg = Debug|Any CPU
		{6F68DAF6-5447-4EBB-B19A-8E27F04AAB0F}.Debug|Any CPU.Build.0 = Debug|Any CPU
		{6F68DAF6-5447-4EBB-B19A-8E27F04AAB0F}.Debug|x64.ActiveCfg = Debug|Any CPU
		{6F68DAF6-5447-4EBB-B19A-8E27F04AAB0F}.Debug|x64.Build.0 = Debug|Any CPU
		{6F68DAF6-5447-4EBB-B19A-8E27F04AAB0F}.Debug|x86.ActiveCfg = Debug|Any CPU
		{6F68DAF6-5447-4EBB-B19A-8E27F04AAB0F}.Debug|x86.Build.0 = Debug|Any CPU
		{6F68DAF6-5447-4EBB-B19A-8E27F04AAB0F}.Release|Any CPU.ActiveCfg = Release|Any CPU
		{6F68DAF6-5447-4EBB-B19A-8E27F04AAB0F}.Release|Any CPU.Build.0 = Release|Any CPU
		{6F68DAF6-5447-4EBB-B19A-8E27F04AAB0F}.Release|x64.ActiveCfg = Release|Any CPU
		{6F68DAF6-5447-4EBB-B19A-8E27F04AAB0F}.Release|x64.Build.0 = Release|Any CPU
		{6F68DAF6-5447-4EBB-B19A-8E27F04AAB0F}.Release|x86.ActiveCfg = Release|Any CPU
		{6F68DAF6-5447-4EBB-B19A-8E27F04AAB0F}.Release|x86.Build.0 = Release|Any CPU
		{2AF3C7E5-618F-4B24-B2F2-B3869CB268EC}.Debug|Any CPU.ActiveCfg = Debug|Any CPU
		{2AF3C7E5-618F-4B24-B2F2-B3869CB268EC}.Debug|Any CPU.Build.0 = Debug|Any CPU
		{2AF3C7E5-618F-4B24-B2F2-B3869CB268EC}.Debug|x64.ActiveCfg = Debug|Any CPU
		{2AF3C7E5-618F-4B24-B2F2-B3869CB268EC}.Debug|x64.Build.0 = Debug|Any CPU
		{2AF3C7E5-618F-4B24-B2F2-B3869CB268EC}.Debug|x86.ActiveCfg = Debug|Any CPU
		{2AF3C7E5-618F-4B24-B2F2-B3869CB268EC}.Debug|x86.Build.0 = Debug|Any CPU
		{2AF3C7E5-618F-4B24-B2F2-B3869CB268EC}.Release|Any CPU.ActiveCfg = Release|Any CPU
		{2AF3C7E5-618F-4B24-B2F2-B3869CB268EC}.Release|Any CPU.Build.0 = Release|Any CPU
		{2AF3C7E5-618F-4B24-B2F2-B3869CB268EC}.Release|x64.ActiveCfg = Release|Any CPU
		{2AF3C7E5-618F-4B24-B2F2-B3869CB268EC}.Release|x64.Build.0 = Release|Any CPU
		{2AF3C7E5-618F-4B24-B2F2-B3869CB268EC}.Release|x86.ActiveCfg = Release|Any CPU
		{2AF3C7E5-618F-4B24-B2F2-B3869CB268EC}.Release|x86.Build.0 = Release|Any CPU
	EndGlobalSection
EndGlobal
